
Microsoft Visual Studio Solution File, Format Version 11.00
# Visual Studio 2010
Project("{FAE04EC0-301F-11D3-BF4B-00C04F79EFBC}") = "Calc", "Calc\Calc.csproj", "{CF6C0D59-89BF-45E6-87DD-003B860E21E4}"
EndProject
Global
	GlobalSection(SolutionConfigurationPlatforms) = preSolution
		Debug|x86 = Debug|x86
		Release|x86 = Release|x86
	EndGlobalSection
	GlobalSection(ProjectConfigurationPlatforms) = postSolution
		{CF6C0D59-89BF-45E6-87DD-003B860E21E4}.Debug|x86.ActiveCfg = Debug|x86
		{CF6C0D59-89BF-45E6-87DD-003B860E21E4}.Debug|x86.Build.0 = Debug|x86
		{CF6C0D59-89BF-45E6-87DD-003B860E21E4}.Release|x86.ActiveCfg = Release|x86
		{CF6C0D59-89BF-45E6-87DD-003B860E21E4}.Release|x86.Build.0 = Release|x86
	EndGlobalSection
	GlobalSection(MonoDevelopProperties) = preSolution
		StartupItem = Calc\Calc.csproj
	EndGlobalSection
EndGlobal
